
Microsoft Visual Studio Solution File, Format Version 12.00
# Visual Studio Version 17
VisualStudioVersion = 17.11.35327.3
MinimumVisualStudioVersion = 10.0.40219.1
Project("{9A19103F-16F7-4668-BE54-9A1E7A4F7556}") = "Stage0", "Stage0\Stage0.csproj", "{007D301A-239A-444C-B9EC-0681D36FC38D}"
EndProject
Project("{2150E333-8FDC-42A3-9474-1A3956D46DE8}") = "Solution Items", "Solution Items", "{E8833013-D7D7-47FF-9A09-8F800D5A99E6}"
	ProjectSection(SolutionItems) = preProject
		README.md = README.md
	EndProjectSection
EndProject
Project("{FAE04EC0-301F-11D3-BF4B-00C04F79EFBC}") = "DalFacade", "DalFacade\DalFacade.csproj", "{5CB17718-7DA4-4CBB-B44B-0D8553D634F4}"
EndProject
Project("{FAE04EC0-301F-11D3-BF4B-00C04F79EFBC}") = "DalList", "DalList\DalList.csproj", "{43BEF4D4-E025-4272-9522-EF98DB422CC0}"
EndProject
Project("{FAE04EC0-301F-11D3-BF4B-00C04F79EFBC}") = "DalTest", "DalTest\DalTest.csproj", "{51429E60-FAF1-4EF2-8FF0-09A1F6559561}"
EndProject
Global
	GlobalSection(SolutionConfigurationPlatforms) = preSolution
		Debug|Any CPU = Debug|Any CPU
		Release|Any CPU = Release|Any CPU
	EndGlobalSection
	GlobalSection(ProjectConfigurationPlatforms) = postSolution
		{007D301A-239A-444C-B9EC-0681D36FC38D}.Debug|Any CPU.ActiveCfg = Debug|Any CPU
		{007D301A-239A-444C-B9EC-0681D36FC38D}.Debug|Any CPU.Build.0 = Debug|Any CPU
		{007D301A-239A-444C-B9EC-0681D36FC38D}.Release|Any CPU.ActiveCfg = Release|Any CPU
		{007D301A-239A-444C-B9EC-0681D36FC38D}.Release|Any CPU.Build.0 = Release|Any CPU
		{5CB17718-7DA4-4CBB-B44B-0D8553D634F4}.Debug|Any CPU.ActiveCfg = Debug|Any CPU
		{5CB17718-7DA4-4CBB-B44B-0D8553D634F4}.Debug|Any CPU.Build.0 = Debug|Any CPU
		{5CB17718-7DA4-4CBB-B44B-0D8553D634F4}.Release|Any CPU.ActiveCfg = Release|Any CPU
		{5CB17718-7DA4-4CBB-B44B-0D8553D634F4}.Release|Any CPU.Build.0 = Release|Any CPU
		{43BEF4D4-E025-4272-9522-EF98DB422CC0}.Debug|Any CPU.ActiveCfg = Debug|Any CPU
		{43BEF4D4-E025-4272-9522-EF98DB422CC0}.Debug|Any CPU.Build.0 = Debug|Any CPU
		{43BEF4D4-E025-4272-9522-EF98DB422CC0}.Release|Any CPU.ActiveCfg = Release|Any CPU
		{43BEF4D4-E025-4272-9522-EF98DB422CC0}.Release|Any CPU.Build.0 = Release|Any CPU
		{51429E60-FAF1-4EF2-8FF0-09A1F6559561}.Debug|Any CPU.ActiveCfg = Debug|Any CPU
		{51429E60-FAF1-4EF2-8FF0-09A1F6559561}.Debug|Any CPU.Build.0 = Debug|Any CPU
		{51429E60-FAF1-4EF2-8FF0-09A1F6559561}.Release|Any CPU.ActiveCfg = Release|Any CPU
		{51429E60-FAF1-4EF2-8FF0-09A1F6559561}.Release|Any CPU.Build.0 = Release|Any CPU
	EndGlobalSection
	GlobalSection(SolutionProperties) = preSolution
		HideSolutionNode = FALSE
	EndGlobalSection
	GlobalSection(ExtensibilityGlobals) = postSolution
		SolutionGuid = {A30A196E-E94D-4C0E-B53F-66052035AECF}
	EndGlobalSection
EndGlobal
